
Microsoft Visual Studio Solution File, Format Version 12.00
# Visual Studio Version 17
VisualStudioVersion = 17.0.31903.59
MinimumVisualStudioVersion = 10.0.40219.1
Project("{2150E333-8FDC-42A3-9474-1A3956D46DE8}") = "src", "src", "{827E0CD3-B72D-47B6-A68D-7590B98EB39B}"
EndProject
Project("{FAE04EC0-301F-11D3-BF4B-00C04F79EFBC}") = "Volt.Core", "src\Volt.Core\Volt.Core.csproj", "{53CB31E3-4819-4428-A62F-801A0C2F7667}"
EndProject
Project("{FAE04EC0-301F-11D3-BF4B-00C04F79EFBC}") = "Volt.Core.Generators", "src\Volt.Core.Generators\Volt.Core.Generators.csproj", "{B54C45D4-7577-4B47-953B-39BA0AC81B5F}"
EndProject
Project("{FAE04EC0-301F-11D3-BF4B-00C04F79EFBC}") = "Volt.Data", "src\Volt.Data\Volt.Data.csproj", "{AD59E910-4B66-4A5D-8540-CF97241AC73B}"
EndProject
Project("{FAE04EC0-301F-11D3-BF4B-00C04F79EFBC}") = "Volt.Web", "src\Volt.Web\Volt.Web.csproj", "{CAF95138-0AFF-4A29-BD6A-5534D7AAC369}"
EndProject
Project("{FAE04EC0-301F-11D3-BF4B-00C04F79EFBC}") = "Volt.Auth", "src\Volt.Auth\Volt.Auth.csproj", "{F67D1044-79DF-4A26-ADF9-FDDAF2B2CB7B}"
EndProject
Project("{FAE04EC0-301F-11D3-BF4B-00C04F79EFBC}") = "Volt.Jobs", "src\Volt.Jobs\Volt.Jobs.csproj", "{00B197EA-D2F7-4CE7-AF17-05E14BAB174A}"
EndProject
Project("{FAE04EC0-301F-11D3-BF4B-00C04F79EFBC}") = "Volt.Mailer", "src\Volt.Mailer\Volt.Mailer.csproj", "{6CB45601-E9F4-4F5D-B265-84C068A44AE8}"
EndProject
Project("{FAE04EC0-301F-11D3-BF4B-00C04F79EFBC}") = "Volt.Storage", "src\Volt.Storage\Volt.Storage.csproj", "{AC77D61E-4537-48CE-8118-D62871037394}"
EndProject
Project("{FAE04EC0-301F-11D3-BF4B-00C04F79EFBC}") = "Volt.RealTime", "src\Volt.RealTime\Volt.RealTime.csproj", "{87892CC9-620A-4D3D-88DE-3A05F283D424}"
EndProject
Project("{FAE04EC0-301F-11D3-BF4B-00C04F79EFBC}") = "Volt.Testing", "src\Volt.Testing\Volt.Testing.csproj", "{459518C6-374E-4D79-85DB-164C4C58D1CB}"
EndProject
Project("{FAE04EC0-301F-11D3-BF4B-00C04F79EFBC}") = "Volt.Cli", "src\Volt.Cli\Volt.Cli.csproj", "{3AED558B-A982-4C02-AA12-F1B912651E00}"
EndProject
Project("{2150E333-8FDC-42A3-9474-1A3956D46DE8}") = "tests", "tests", "{0AB3BF05-4346-4AA6-1389-037BE0695223}"
EndProject
Project("{FAE04EC0-301F-11D3-BF4B-00C04F79EFBC}") = "Volt.Core.Tests", "tests\Volt.Core.Tests\Volt.Core.Tests.csproj", "{808FBA48-5408-457B-8A1C-DBFDE94F653A}"
EndProject
Project("{FAE04EC0-301F-11D3-BF4B-00C04F79EFBC}") = "Volt.Core.Generators.Tests", "tests\Volt.Core.Generators.Tests\Volt.Core.Generators.Tests.csproj", "{81C755CD-9D35-40F1-AD8D-953A5B6C115B}"
EndProject
Project("{FAE04EC0-301F-11D3-BF4B-00C04F79EFBC}") = "Volt.Data.Tests", "tests\Volt.Data.Tests\Volt.Data.Tests.csproj", "{1A6D9401-051C-4679-BF8C-17406A82B14C}"
EndProject
Project("{FAE04EC0-301F-11D3-BF4B-00C04F79EFBC}") = "Volt.Web.Tests", "tests\Volt.Web.Tests\Volt.Web.Tests.csproj", "{B6F589F2-6A6B-4FFD-B57C-C0A1EF370729}"
EndProject
Project("{FAE04EC0-301F-11D3-BF4B-00C04F79EFBC}") = "Volt.Cli.Tests", "tests\Volt.Cli.Tests\Volt.Cli.Tests.csproj", "{10D38A72-9BDC-41F0-93B1-4D85F2B7737B}"
EndProject
Project("{FAE04EC0-301F-11D3-BF4B-00C04F79EFBC}") = "Volt.Integration.Tests", "tests\Volt.Integration.Tests\Volt.Integration.Tests.csproj", "{2974EF87-0A80-4A60-B873-829C75AD7DB2}"
EndProject
Global
	GlobalSection(SolutionConfigurationPlatforms) = preSolution
		Debug|Any CPU = Debug|Any CPU
		Debug|x64 = Debug|x64
		Debug|x86 = Debug|x86
		Release|Any CPU = Release|Any CPU
		Release|x64 = Release|x64
		Release|x86 = Release|x86
	EndGlobalSection
	GlobalSection(ProjectConfigurationPlatforms) = postSolution
		{53CB31E3-4819-4428-A62F-801A0C2F7667}.Debug|Any CPU.ActiveCfg = Debug|Any CPU
		{53CB31E3-4819-4428-A62F-801A0C2F7667}.Debug|Any CPU.Build.0 = Debug|Any CPU
		{53CB31E3-4819-4428-A62F-801A0C2F7667}.Debug|x64.ActiveCfg = Debug|Any CPU
		{53CB31E3-4819-4428-A62F-801A0C2F7667}.Debug|x64.Build.0 = Debug|Any CPU
		{53CB31E3-4819-4428-A62F-801A0C2F7667}.Debug|x86.ActiveCfg = Debug|Any CPU
		{53CB31E3-4819-4428-A62F-801A0C2F7667}.Debug|x86.Build.0 = Debug|Any CPU
		{53CB31E3-4819-4428-A62F-801A0C2F7667}.Release|Any CPU.ActiveCfg = Release|Any CPU
		{53CB31E3-4819-4428-A62F-801A0C2F7667}.Release|Any CPU.Build.0 = Release|Any CPU
		{53CB31E3-4819-4428-A62F-801A0C2F7667}.Release|x64.ActiveCfg = Release|Any CPU
		{53CB31E3-4819-4428-A62F-801A0C2F7667}.Release|x64.Build.0 = Release|Any CPU
		{53CB31E3-4819-4428-A62F-801A0C2F7667}.Release|x86.ActiveCfg = Release|Any CPU
		{53CB31E3-4819-4428-A62F-801A0C2F7667}.Release|x86.Build.0 = Release|Any CPU
		{B54C45D4-7577-4B47-953B-39BA0AC81B5F}.Debug|Any CPU.ActiveCfg = Debug|Any CPU
		{B54C45D4-7577-4B47-953B-39BA0AC81B5F}.Debug|Any CPU.Build.0 = Debug|Any CPU
		{B54C45D4-7577-4B47-953B-39BA0AC81B5F}.Debug|x64.ActiveCfg = Debug|Any CPU
		{B54C45D4-7577-4B47-953B-39BA0AC81B5F}.Debug|x64.Build.0 = Debug|Any CPU
		{B54C45D4-7577-4B47-953B-39BA0AC81B5F}.Debug|x86.ActiveCfg = Debug|Any CPU
		{B54C45D4-7577-4B47-953B-39BA0AC81B5F}.Debug|x86.Build.0 = Debug|Any CPU
		{B54C45D4-7577-4B47-953B-39BA0AC81B5F}.Release|Any CPU.ActiveCfg = Release|Any CPU
		{B54C45D4-7577-4B47-953B-39BA0AC81B5F}.Release|Any CPU.Build.0 = Release|Any CPU
		{B54C45D4-7577-4B47-953B-39BA0AC81B5F}.Release|x64.ActiveCfg = Release|Any CPU
		{B54C45D4-7577-4B47-953B-39BA0AC81B5F}.Release|x64.Build.0 = Release|Any CPU
		{B54C45D4-7577-4B47-953B-39BA0AC81B5F}.Release|x86.ActiveCfg = Release|Any CPU
		{B54C45D4-7577-4B47-953B-39BA0AC81B5F}.Release|x86.Build.0 = Release|Any CPU
		{AD59E910-4B66-4A5D-8540-CF97241AC73B}.Debug|Any CPU.ActiveCfg = Debug|Any CPU
		{AD59E910-4B66-4A5D-8540-CF97241AC73B}.Debug|Any CPU.Build.0 = Debug|Any CPU
		{AD59E910-4B66-4A5D-8540-CF97241AC73B}.Debug|x64.ActiveCfg = Debug|Any CPU
		{AD59E910-4B66-4A5D-8540-CF97241AC73B}.Debug|x64.Build.0 = Debug|Any CPU
		{AD59E910-4B66-4A5D-8540-CF97241AC73B}.Debug|x86.ActiveCfg = Debug|Any CPU
		{AD59E910-4B66-4A5D-8540-CF97241AC73B}.Debug|x86.Build.0 = Debug|Any CPU
		{AD59E910-4B66-4A5D-8540-CF97241AC73B}.Release|Any CPU.ActiveCfg = Release|Any CPU
		{AD59E910-4B66-4A5D-8540-CF97241AC73B}.Release|Any CPU.Build.0 = Release|Any CPU
		{AD59E910-4B66-4A5D-8540-CF97241AC73B}.Release|x64.ActiveCfg = Release|Any CPU
		{AD59E910-4B66-4A5D-8540-CF97241AC73B}.Release|x64.Build.0 = Release|Any CPU
		{AD59E910-4B66-4A5D-8540-CF97241AC73B}.Release|x86.ActiveCfg = Release|Any CPU
		{AD59E910-4B66-4A5D-8540-CF97241AC73B}.Release|x86.Build.0 = Release|Any CPU
		{CAF95138-0AFF-4A29-BD6A-5534D7AAC369}.Debug|Any CPU.ActiveCfg = Debug|Any CPU
		{CAF95138-0AFF-4A29-BD6A-5534D7AAC369}.Debug|Any CPU.Build.0 = Debug|Any CPU
		{CAF95138-0AFF-4A29-BD6A-5534D7AAC369}.Debug|x64.ActiveCfg = Debug|Any CPU
		{CAF95138-0AFF-4A29-BD6A-5534D7AAC369}.Debug|x64.Build.0 = Debug|Any CPU
		{CAF95138-0AFF-4A29-BD6A-5534D7AAC369}.Debug|x86.ActiveCfg = Debug|Any CPU
		{CAF95138-0AFF-4A29-BD6A-5534D7AAC369}.Debug|x86.Build.0 = Debug|Any CPU
		{CAF95138-0AFF-4A29-BD6A-5534D7AAC369}.Release|Any CPU.ActiveCfg = Release|Any CPU
		{CAF95138-0AFF-4A29-BD6A-5534D7AAC369}.Release|Any CPU.Build.0 = Release|Any CPU
		{CAF95138-0AFF-4A29-BD6A-5534D7AAC369}.Release|x64.ActiveCfg = Release|Any CPU
		{CAF95138-0AFF-4A29-BD6A-5534D7AAC369}.Release|x64.Build.0 = Release|Any CPU
		{CAF95138-0AFF-4A29-BD6A-5534D7AAC369}.Release|x86.ActiveCfg = Release|Any CPU
		{CAF95138-0AFF-4A29-BD6A-5534D7AAC369}.Release|x86.Build.0 = Release|Any CPU
		{F67D1044-79DF-4A26-ADF9-FDDAF2B2CB7B}.Debug|Any CPU.ActiveCfg = Debug|Any CPU
		{F67D1044-79DF-4A26-ADF9-FDDAF2B2CB7B}.Debug|Any CPU.Build.0 = Debug|Any CPU
		{F67D1044-79DF-4A26-ADF9-FDDAF2B2CB7B}.Debug|x64.ActiveCfg = Debug|Any CPU
		{F67D1044-79DF-4A26-ADF9-FDDAF2B2CB7B}.Debug|x64.Build.0 = Debug|Any CPU
		{F67D1044-79DF-4A26-ADF9-FDDAF2B2CB7B}.Debug|x86.ActiveCfg = Debug|Any CPU
		{F67D1044-79DF-4A26-ADF9-FDDAF2B2CB7B}.Debug|x86.Build.0 = Debug|Any CPU
		{F67D1044-79DF-4A26-ADF9-FDDAF2B2CB7B}.Release|Any CPU.ActiveCfg = Release|Any CPU
		{F67D1044-79DF-4A26-ADF9-FDDAF2B2CB7B}.Release|Any CPU.Build.0 = Release|Any CPU
		{F67D1044-79DF-4A26-ADF9-FDDAF2B2CB7B}.Release|x64.ActiveCfg = Release|Any CPU
		{F67D1044-79DF-4A26-ADF9-FDDAF2B2CB7B}.Release|x64.Build.0 = Release|Any CPU
		{F67D1044-79DF-4A26-ADF9-FDDAF2B2CB7B}.Release|x86.ActiveCfg = Release|Any CPU
		{F67D1044-79DF-4A26-ADF9-FDDAF2B2CB7B}.Release|x86.Build.0 = Release|Any CPU
		{00B197EA-D2F7-4CE7-AF17-05E14BAB174A}.Debug|Any CPU.ActiveCfg = Debug|Any CPU
		{00B197EA-D2F7-4CE7-AF17-05E14BAB174A}.Debug|Any CPU.Build.0 = Debug|Any CPU
		{00B197EA-D2F7-4CE7-AF17-05E14BAB174A}.Debug|x64.ActiveCfg = Debug|Any CPU
		{00B197EA-D2F7-4CE7-AF17-05E14BAB174A}.Debug|x64.Build.0 = Debug|Any CPU
		{00B197EA-D2F7-4CE7-AF17-05E14BAB174A}.Debug|x86.ActiveCfg = Debug|Any CPU
		{00B197EA-D2F7-4CE7-AF17-05E14BAB174A}.Debug|x86.Build.0 = Debug|Any CPU
		{00B197EA-D2F7-4CE7-AF17-05E14BAB174A}.Release|Any CPU.ActiveCfg = Release|Any CPU
		{00B197EA-D2F7-4CE7-AF17-05E14BAB174A}.Release|Any CPU.Build.0 = Release|Any CPU
		{00B197EA-D2F7-4CE7-AF17-05E14BAB174A}.Release|x64.ActiveCfg = Release|Any CPU
		{00B197EA-D2F7-4CE7-AF17-05E14BAB174A}.Release|x64.Build.0 = Release|Any CPU
		{00B197EA-D2F7-4CE7-AF17-05E14BAB174A}.Release|x86.ActiveCfg = Release|Any CPU
		{00B197EA-D2F7-4CE7-AF17-05E14BAB174A}.Release|x86.Build.0 = Release|Any CPU
		{6CB45601-E9F4-4F5D-B265-84C068A44AE8}.Debug|Any CPU.ActiveCfg = Debug|Any CPU
		{6CB45601-E9F4-4F5D-B265-84C068A44AE8}.Debug|Any CPU.Build.0 = Debug|Any CPU
		{6CB45601-E9F4-4F5D-B265-84C068A44AE8}.Debug|x64.ActiveCfg = Debug|Any CPU
		{6CB45601-E9F4-4F5D-B265-84C068A44AE8}.Debug|x64.Build.0 = Debug|Any CPU
		{6CB45601-E9F4-4F5D-B265-84C068A44AE8}.Debug|x86.ActiveCfg = Debug|Any CPU
		{6CB45601-E9F4-4F5D-B265-84C068A44AE8}.Debug|x86.Build.0 = Debug|Any CPU
		{6CB45601-E9F4-4F5D-B265-84C068A44AE8}.Release|Any CPU.ActiveCfg = Release|Any CPU
		{6CB45601-E9F4-4F5D-B265-84C068A44AE8}.Release|Any CPU.Build.0 = Release|Any CPU
		{6CB45601-E9F4-4F5D-B265-84C068A44AE8}.Release|x64.ActiveCfg = Release|Any CPU
		{6CB45601-E9F4-4F5D-B265-84C068A44AE8}.Release|x64.Build.0 = Release|Any CPU
		{6CB45601-E9F4-4F5D-B265-84C068A44AE8}.Release|x86.ActiveCfg = Release|Any CPU
		{6CB45601-E9F4-4F5D-B265-84C068A44AE8}.Release|x86.Build.0 = Release|Any CPU
		{AC77D61E-4537-48CE-8118-D62871037394}.Debug|Any CPU.ActiveCfg = Debug|Any CPU
		{AC77D61E-4537-48CE-8118-D62871037394}.Debug|Any CPU.Build.0 = Debug|Any CPU
		{AC77D61E-4537-48CE-8118-D62871037394}.Debug|x64.ActiveCfg = Debug|Any CPU
		{AC77D61E-4537-48CE-8118-D62871037394}.Debug|x64.Build.0 = Debug|Any CPU
		{AC77D61E-4537-48CE-8118-D62871037394}.Debug|x86.ActiveCfg = Debug|Any CPU
		{AC77D61E-4537-48CE-8118-D62871037394}.Debug|x86.Build.0 = Debug|Any CPU
		{AC77D61E-4537-48CE-8118-D62871037394}.Release|Any CPU.ActiveCfg = Release|Any CPU
		{AC77D61E-4537-48CE-8118-D62871037394}.Release|Any CPU.Build.0 = Release|Any CPU
		{AC77D61E-4537-48CE-8118-D62871037394}.Release|x64.ActiveCfg = Release|Any CPU
		{AC77D61E-4537-48CE-8118-D62871037394}.Release|x64.Build.0 = Release|Any CPU
		{AC77D61E-4537-48CE-8118-D62871037394}.Release|x86.ActiveCfg = Release|Any CPU
		{AC77D61E-4537-48CE-8118-D62871037394}.Release|x86.Build.0 = Release|Any CPU
		{87892CC9-620A-4D3D-88DE-3A05F283D424}.Debug|Any CPU.ActiveCfg = Debug|Any CPU
		{87892CC9-620A-4D3D-88DE-3A05F283D424}.Debug|Any CPU.Build.0 = Debug|Any CPU
		{87892CC9-620A-4D3D-88DE-3A05F283D424}.Debug|x64.ActiveCfg = Debug|Any CPU
		{87892CC9-620A-4D3D-88DE-3A05F283D424}.Debug|x64.Build.0 = Debug|Any CPU
		{87892CC9-620A-4D3D-88DE-3A05F283D424}.Debug|x86.ActiveCfg = Debug|Any CPU
		{87892CC9-620A-4D3D-88DE-3A05F283D424}.Debug|x86.Build.0 = Debug|Any CPU
		{87892CC9-620A-4D3D-88DE-3A05F283D424}.Release|Any CPU.ActiveCfg = Release|Any CPU
		{87892CC9-620A-4D3D-88DE-3A05F283D424}.Release|Any CPU.Build.0 = Release|Any CPU
		{87892CC9-620A-4D3D-88DE-3A05F283D424}.Release|x64.ActiveCfg = Release|Any CPU
		{87892CC9-620A-4D3D-88DE-3A05F283D424}.Release|x64.Build.0 = Release|Any CPU
		{87892CC9-620A-4D3D-88DE-3A05F283D424}.Release|x86.ActiveCfg = Release|Any CPU
		{87892CC9-620A-4D3D-88DE-3A05F283D424}.Release|x86.Build.0 = Release|Any CPU
		{459518C6-374E-4D79-85DB-164C4C58D1CB}.Debug|Any CPU.ActiveCfg = Debug|Any CPU
		{459518C6-374E-4D79-85DB-164C4C58D1CB}.Debug|Any CPU.Build.0 = Debug|Any CPU
		{459518C6-374E-4D79-85DB-164C4C58D1CB}.Debug|x64.ActiveCfg = Debug|Any CPU
		{459518C6-374E-4D79-85DB-164C4C58D1CB}.Debug|x64.Build.0 = Debug|Any CPU
		{459518C6-374E-4D79-85DB-164C4C58D1CB}.Debug|x86.ActiveCfg = Debug|Any CPU
		{459518C6-374E-4D79-85DB-164C4C58D1CB}.Debug|x86.Build.0 = Debug|Any CPU
		{459518C6-374E-4D79-85DB-164C4C58D1CB}.Release|Any CPU.ActiveCfg = Release|Any CPU
		{459518C6-374E-4D79-85DB-164C4C58D1CB}.Release|Any CPU.Build.0 = Release|Any CPU
		{459518C6-374E-4D79-85DB-164C4C58D1CB}.Release|x64.ActiveCfg = Release|Any CPU
		{459518C6-374E-4D79-85DB-164C4C58D1CB}.Release|x64.Build.0 = Release|Any CPU
		{459518C6-374E-4D79-85DB-164C4C58D1CB}.Release|x86.ActiveCfg = Release|Any CPU
		{459518C6-374E-4D79-85DB-164C4C58D1CB}.Release|x86.Build.0 = Release|Any CPU
		{3AED558B-A982-4C02-AA12-F1B912651E00}.Debug|Any CPU.ActiveCfg = Debug|Any CPU
		{3AED558B-A982-4C02-AA12-F1B912651E00}.Debug|Any CPU.Build.0 = Debug|Any CPU
		{3AED558B-A982-4C02-AA12-F1B912651E00}.Debug|x64.ActiveCfg = Debug|Any CPU
		{3AED558B-A982-4C02-AA12-F1B912651E00}.Debug|x64.Build.0 = Debug|Any CPU
		{3AED558B-A982-4C02-AA12-F1B912651E00}.Debug|x86.ActiveCfg = Debug|Any CPU
		{3AED558B-A982-4C02-AA12-F1B912651E00}.Debug|x86.Build.0 = Debug|Any CPU
		{3AED558B-A982-4C02-AA12-F1B912651E00}.Release|Any CPU.ActiveCfg = Release|Any CPU
		{3AED558B-A982-4C02-AA12-F1B912651E00}.Release|Any CPU.Build.0 = Release|Any CPU
		{3AED558B-A982-4C02-AA12-F1B912651E00}.Release|x64.ActiveCfg = Release|Any CPU
		{3AED558B-A982-4C02-AA12-F1B912651E00}.Release|x64.Build.0 = Release|Any CPU
		{3AED558B-A982-4C02-AA12-F1B912651E00}.Release|x86.ActiveCfg = Release|Any CPU
		{3AED558B-A982-4C02-AA12-F1B912651E00}.Release|x86.Build.0 = Release|Any CPU
		{808FBA48-5408-457B-8A1C-DBFDE94F653A}.Debug|Any CPU.ActiveCfg = Debug|Any CPU
		{808FBA48-5408-457B-8A1C-DBFDE94F653A}.Debug|Any CPU.Build.0 = Debug|Any CPU
		{808FBA48-5408-457B-8A1C-DBFDE94F653A}.Debug|x64.ActiveCfg = Debug|Any CPU
		{808FBA48-5408-457B-8A1C-DBFDE94F653A}.Debug|x64.Build.0 = Debug|Any CPU
		{808FBA48-5408-457B-8A1C-DBFDE94F653A}.Debug|x86.ActiveCfg = Debug|Any CPU
		{808FBA48-5408-457B-8A1C-DBFDE94F653A}.Debug|x86.Build.0 = Debug|Any CPU
		{808FBA48-5408-457B-8A1C-DBFDE94F653A}.Release|Any CPU.ActiveCfg = Release|Any CPU
		{808FBA48-5408-457B-8A1C-DBFDE94F653A}.Release|Any CPU.Build.0 = Release|Any CPU
		{808FBA48-5408-457B-8A1C-DBFDE94F653A}.Release|x64.ActiveCfg = Release|Any CPU
		{808FBA48-5408-457B-8A1C-DBFDE94F653A}.Release|x64.Build.0 = Release|Any CPU
		{808FBA48-5408-457B-8A1C-DBFDE94F653A}.Release|x86.ActiveCfg = Release|Any CPU
		{808FBA48-5408-457B-8A1C-DBFDE94F653A}.Release|x86.Build.0 = Release|Any CPU
		{81C755CD-9D35-40F1-AD8D-953A5B6C115B}.Debug|Any CPU.ActiveCfg = Debug|Any CPU
		{81C755CD-9D35-40F1-AD8D-953A5B6C115B}.Debug|Any CPU.Build.0 = Debug|Any CPU
		{81C755CD-9D35-40F1-AD8D-953A5B6C115B}.Debug|x64.ActiveCfg = Debug|Any CPU
		{81C755CD-9D35-40F1-AD8D-953A5B6C115B}.Debug|x64.Build.0 = Debug|Any CPU
		{81C755CD-9D35-40F1-AD8D-953A5B6C115B}.Debug|x86.ActiveCfg = Debug|Any CPU
		{81C755CD-9D35-40F1-AD8D-953A5B6C115B}.Debug|x86.Build.0 = Debug|Any CPU
		{81C755CD-9D35-40F1-AD8D-953A5B6C115B}.Release|Any CPU.ActiveCfg = Release|Any CPU
		{81C755CD-9D35-40F1-AD8D-953A5B6C115B}.Release|Any CPU.Build.0 = Release|Any CPU
		{81C755CD-9D35-40F1-AD8D-953A5B6C115B}.Release|x64.ActiveCfg = Release|Any CPU
		{81C755CD-9D35-40F1-AD8D-953A5B6C115B}.Release|x64.Build.0 = Release|Any CPU
		{81C755CD-9D35-40F1-AD8D-953A5B6C115B}.Release|x86.ActiveCfg = Release|Any CPU
		{81C755CD-9D35-40F1-AD8D-953A5B6C115B}.Release|x86.Build.0 = Release|Any CPU
		{1A6D9401-051C-4679-BF8C-17406A82B14C}.Debug|Any CPU.ActiveCfg = Debug|Any CPU
		{1A6D9401-051C-4679-BF8C-17406A82B14C}.Debug|Any CPU.Build.0 = Debug|Any CPU
		{1A6D9401-051C-4679-BF8C-17406A82B14C}.Debug|x64.ActiveCfg = Debug|Any CPU
		{1A6D9401-051C-4679-BF8C-17406A82B14C}.Debug|x64.Build.0 = Debug|Any CPU
		{1A6D9401-051C-4679-BF8C-17406A82B14C}.Debug|x86.ActiveCfg = Debug|Any CPU
		{1A6D9401-051C-4679-BF8C-17406A82B14C}.Debug|x86.Build.0 = Debug|Any CPU
		{1A6D9401-051C-4679-BF8C-17406A82B14C}.Release|Any CPU.ActiveCfg = Release|Any CPU
		{1A6D9401-051C-4679-BF8C-17406A82B14C}.Release|Any CPU.Build.0 = Release|Any CPU
		{1A6D9401-051C-4679-BF8C-17406A82B14C}.Release|x64.ActiveCfg = Release|Any CPU
		{1A6D9401-051C-4679-BF8C-17406A82B14C}.Release|x64.Build.0 = Release|Any CPU
		{1A6D9401-051C-4679-BF8C-17406A82B14C}.Release|x86.ActiveCfg = Release|Any CPU
		{1A6D9401-051C-4679-BF8C-17406A82B14C}.Release|x86.Build.0 = Release|Any CPU
		{B6F589F2-6A6B-4FFD-B57C-C0A1EF370729}.Debug|Any CPU.ActiveCfg = Debug|Any CPU
		{B6F589F2-6A6B-4FFD-B57C-C0A1EF370729}.Debug|Any CPU.Build.0 = Debug|Any CPU
		{B6F589F2-6A6B-4FFD-B57C-C0A1EF370729}.Debug|x64.ActiveCfg = Debug|Any CPU
		{B6F589F2-6A6B-4FFD-B57C-C0A1EF370729}.Debug|x64.Build.0 = Debug|Any CPU
		{B6F589F2-6A6B-4FFD-B57C-C0A1EF370729}.Debug|x86.ActiveCfg = Debug|Any CPU
		{B6F589F2-6A6B-4FFD-B57C-C0A1EF370729}.Debug|x86.Build.0 = Debug|Any CPU
		{B6F589F2-6A6B-4FFD-B57C-C0A1EF370729}.Release|Any CPU.ActiveCfg = Release|Any CPU
		{B6F589F2-6A6B-4FFD-B57C-C0A1EF370729}.Release|Any CPU.Build.0 = Release|Any CPU
		{B6F589F2-6A6B-4FFD-B57C-C0A1EF370729}.Release|x64.ActiveCfg = Release|Any CPU
		{B6F589F2-6A6B-4FFD-B57C-C0A1EF370729}.Release|x64.Build.0 = Release|Any CPU
		{B6F589F2-6A6B-4FFD-B57C-C0A1EF370729}.Release|x86.ActiveCfg = Release|Any CPU
		{B6F589F2-6A6B-4FFD-B57C-C0A1EF370729}.Release|x86.Build.0 = Release|Any CPU
		{10D38A72-9BDC-41F0-93B1-4D85F2B7737B}.Debug|Any CPU.ActiveCfg = Debug|Any CPU
		{10D38A72-9BDC-41F0-93B1-4D85F2B7737B}.Debug|Any CPU.Build.0 = Debug|Any CPU
		{10D38A72-9BDC-41F0-93B1-4D85F2B7737B}.Debug|x64.ActiveCfg = Debug|Any CPU
		{10D38A72-9BDC-41F0-93B1-4D85F2B7737B}.Debug|x64.Build.0 = Debug|Any CPU
		{10D38A72-9BDC-41F0-93B1-4D85F2B7737B}.Debug|x86.ActiveCfg = Debug|Any CPU
		{10D38A72-9BDC-41F0-93B1-4D85F2B7737B}.Debug|x86.Build.0 = Debug|Any CPU
		{10D38A72-9BDC-41F0-93B1-4D85F2B7737B}.Release|Any CPU.ActiveCfg = Release|Any CPU
		{10D38A72-9BDC-41F0-93B1-4D85F2B7737B}.Release|Any CPU.Build.0 = Release|Any CPU
		{10D38A72-9BDC-41F0-93B1-4D85F2B7737B}.Release|x64.ActiveCfg = Release|Any CPU
		{10D38A72-9BDC-41F0-93B1-4D85F2B7737B}.Release|x64.Build.0 = Release|Any CPU
		{10D38A72-9BDC-41F0-93B1-4D85F2B7737B}.Release|x86.ActiveCfg = Release|Any CPU
		{10D38A72-9BDC-41F0-93B1-4D85F2B7737B}.Release|x86.Build.0 = Release|Any CPU
		{2974EF87-0A80-4A60-B873-829C75AD7DB2}.Debug|Any CPU.ActiveCfg = Debug|Any CPU
		{2974EF87-0A80-4A60-B873-829C75AD7DB2}.Debug|Any CPU.Build.0 = Debug|Any CPU
		{2974EF87-0A80-4A60-B873-829C75AD7DB2}.Debug|x64.ActiveCfg = Debug|Any CPU
		{2974EF87-0A80-4A60-B873-829C75AD7DB2}.Debug|x64.Build.0 = Debug|Any CPU
		{2974EF87-0A80-4A60-B873-829C75AD7DB2}.Debug|x86.ActiveCfg = Debug|Any CPU
		{2974EF87-0A80-4A60-B873-829C75AD7DB2}.Debug|x86.Build.0 = Debug|Any CPU
		{2974EF87-0A80-4A60-B873-829C75AD7DB2}.Release|Any CPU.ActiveCfg = Release|Any CPU
		{2974EF87-0A80-4A60-B873-829C75AD7DB2}.Release|Any CPU.Build.0 = Release|Any CPU
		{2974EF87-0A80-4A60-B873-829C75AD7DB2}.Release|x64.ActiveCfg = Release|Any CPU
		{2974EF87-0A80-4A60-B873-829C75AD7DB2}.Release|x64.Build.0 = Release|Any CPU
		{2974EF87-0A80-4A60-B873-829C75AD7DB2}.Release|x86.ActiveCfg = Release|Any CPU
		{2974EF87-0A80-4A60-B873-829C75AD7DB2}.Release|x86.Build.0 = Release|Any CPU
	EndGlobalSection
	GlobalSection(SolutionProperties) = preSolution
		HideSolutionNode = FALSE
	EndGlobalSection
	GlobalSection(NestedProjects) = preSolution
		{53CB31E3-4819-4428-A62F-801A0C2F7667} = {827E0CD3-B72D-47B6-A68D-7590B98EB39B}
		{B54C45D4-7577-4B47-953B-39BA0AC81B5F} = {827E0CD3-B72D-47B6-A68D-7590B98EB39B}
		{AD59E910-4B66-4A5D-8540-CF97241AC73B} = {827E0CD3-B72D-47B6-A68D-7590B98EB39B}
		{CAF95138-0AFF-4A29-BD6A-5534D7AAC369} = {827E0CD3-B72D-47B6-A68D-7590B98EB39B}
		{F67D1044-79DF-4A26-ADF9-FDDAF2B2CB7B} = {827E0CD3-B72D-47B6-A68D-7590B98EB39B}
		{00B197EA-D2F7-4CE7-AF17-05E14BAB174A} = {827E0CD3-B72D-47B6-A68D-7590B98EB39B}
		{6CB45601-E9F4-4F5D-B265-84C068A44AE8} = {827E0CD3-B72D-47B6-A68D-7590B98EB39B}
		{AC77D61E-4537-48CE-8118-D62871037394} = {827E0CD3-B72D-47B6-A68D-7590B98EB39B}
		{87892CC9-620A-4D3D-88DE-3A05F283D424} = {827E0CD3-B72D-47B6-A68D-7590B98EB39B}
		{459518C6-374E-4D79-85DB-164C4C58D1CB} = {827E0CD3-B72D-47B6-A68D-7590B98EB39B}
		{3AED558B-A982-4C02-AA12-F1B912651E00} = {827E0CD3-B72D-47B6-A68D-7590B98EB39B}
		{808FBA48-5408-457B-8A1C-DBFDE94F653A} = {0AB3BF05-4346-4AA6-1389-037BE0695223}
		{81C755CD-9D35-40F1-AD8D-953A5B6C115B} = {0AB3BF05-4346-4AA6-1389-037BE0695223}
		{1A6D9401-051C-4679-BF8C-17406A82B14C} = {0AB3BF05-4346-4AA6-1389-037BE0695223}
		{B6F589F2-6A6B-4FFD-B57C-C0A1EF370729} = {0AB3BF05-4346-4AA6-1389-037BE0695223}
		{10D38A72-9BDC-41F0-93B1-4D85F2B7737B} = {0AB3BF05-4346-4AA6-1389-037BE0695223}
		{2974EF87-0A80-4A60-B873-829C75AD7DB2} = {0AB3BF05-4346-4AA6-1389-037BE0695223}
	EndGlobalSection
EndGlobal
